{
  "requires": true,
  "lockfileVersion": 1,
  "dependencies": {
    "vee-validate": {
      "version": "3.3.9",
      "resolved": "https://registry.npmjs.org/vee-validate/-/vee-validate-3.3.9.tgz",
      "integrity": "sha512-0ibP+8dNU8XitkhcB5UBnVlHdPlUqFx6jGg4vNUN/lw5geVKBvgyo83y7YCvYA5iqQPgCnuQxsx8kTHa0d/Zyw=="
    }
  }
}
